
Microsoft Visual Studio Solution File, Format Version 12.00
# Visual Studio Version 17
VisualStudioVersion = 17.12.35527.113
MinimumVisualStudioVersion = 10.0.40219.1
Project("{FAE04EC0-301F-11D3-BF4B-00C04F79EFBC}") = "UglyToad.PdfPig.Filters.Jbig2.PdfboxJbig2", "UglyToad.PdfPig.Filters.Jbig2.PdfboxJbig2\UglyToad.PdfPig.Filters.Jbig2.PdfboxJbig2.csproj", "{2590EAA8-17F2-491D-B3E9-1EC0724335EB}"
EndProject
Project("{FAE04EC0-301F-11D3-BF4B-00C04F79EFBC}") = "UglyToad.PdfPig.Filters.Jbig2.PdfboxJbig2.Tests", "UglyToad.PdfPig.Filters.Jbig2.PdfboxJbig2.Tests\UglyToad.PdfPig.Filters.Jbig2.PdfboxJbig2.Tests.csproj", "{E4E16F53-2DF0-4429-892B-96F1215644C9}"
EndProject
Global
	GlobalSection(SolutionConfigurationPlatforms) = preSolution
		Debug|Any CPU = Debug|Any CPU
		Release|Any CPU = Release|Any CPU
	EndGlobalSection
	GlobalSection(ProjectConfigurationPlatforms) = postSolution
		{2590EAA8-17F2-491D-B3E9-1EC0724335EB}.Debug|Any CPU.ActiveCfg = Debug|Any CPU
		{2590EAA8-17F2-491D-B3E9-1EC0724335EB}.Debug|Any CPU.Build.0 = Debug|Any CPU
		{2590EAA8-17F2-491D-B3E9-1EC0724335EB}.Release|Any CPU.ActiveCfg = Release|Any CPU
		{2590EAA8-17F2-491D-B3E9-1EC0724335EB}.Release|Any CPU.Build.0 = Release|Any CPU
		{E4E16F53-2DF0-4429-892B-96F1215644C9}.Debug|Any CPU.ActiveCfg = Debug|Any CPU
		{E4E16F53-2DF0-4429-892B-96F1215644C9}.Debug|Any CPU.Build.0 = Debug|Any CPU
		{E4E16F53-2DF0-4429-892B-96F1215644C9}.Release|Any CPU.ActiveCfg = Release|Any CPU
		{E4E16F53-2DF0-4429-892B-96F1215644C9}.Release|Any CPU.Build.0 = Release|Any CPU
	EndGlobalSection
	GlobalSection(SolutionProperties) = preSolution
		HideSolutionNode = FALSE
	EndGlobalSection
EndGlobal
